
Microsoft Visual Studio Solution File, Format Version 12.00
# Visual Studio Version 16
VisualStudioVersion = 16.0.31005.135
MinimumVisualStudioVersion = 10.0.40219.1
Project("{FAE04EC0-301F-11D3-BF4B-00C04F79EFBC}") = "dog_Race_assign_k", "dog_Race_assign_k\dog_Race_assign_k.csproj", "{013A0BDB-3C33-426B-9BDF-43A32D483416}"
EndProject
Project("{FAE04EC0-301F-11D3-BF4B-00C04F79EFBC}") = "dog_Race_assign_kTests1", "dog_Race_assign_kTests1\dog_Race_assign_kTests1.csproj", "{77922909-829F-4EA4-A9C2-84B44075BF01}"
EndProject
Global
	GlobalSection(SolutionConfigurationPlatforms) = preSolution
		Debug|Any CPU = Debug|Any CPU
		Release|Any CPU = Release|Any CPU
	EndGlobalSection
	GlobalSection(ProjectConfigurationPlatforms) = postSolution
		{013A0BDB-3C33-426B-9BDF-43A32D483416}.Debug|Any CPU.ActiveCfg = Debug|Any CPU
		{013A0BDB-3C33-426B-9BDF-43A32D483416}.Debug|Any CPU.Build.0 = Debug|Any CPU
		{013A0BDB-3C33-426B-9BDF-43A32D483416}.Release|Any CPU.ActiveCfg = Release|Any CPU
		{013A0BDB-3C33-426B-9BDF-43A32D483416}.Release|Any CPU.Build.0 = Release|Any CPU
		{77922909-829F-4EA4-A9C2-84B44075BF01}.Debug|Any CPU.ActiveCfg = Debug|Any CPU
		{77922909-829F-4EA4-A9C2-84B44075BF01}.Debug|Any CPU.Build.0 = Debug|Any CPU
		{77922909-829F-4EA4-A9C2-84B44075BF01}.Release|Any CPU.ActiveCfg = Release|Any CPU
		{77922909-829F-4EA4-A9C2-84B44075BF01}.Release|Any CPU.Build.0 = Release|Any CPU
	EndGlobalSection
	GlobalSection(SolutionProperties) = preSolution
		HideSolutionNode = FALSE
	EndGlobalSection
	GlobalSection(ExtensibilityGlobals) = postSolution
		SolutionGuid = {5F66623C-FE0B-4396-A2EB-3A71A819BE61}
	EndGlobalSection
EndGlobal
